lockfileVersion: '9.0'

settings:
  autoInstallPeers: true
  excludeLinksFromLockfile: false

importers:

  .:
    devDependencies:
      '@napi-rs/cli':
        specifier: 3.0.0
        version: 3.0.0(@emnapi/runtime@1.4.4)(@types/node@18.19.119)
      '@taplo/cli':
        specifier: 0.7.0
        version: 0.7.0
      '@tsconfig/node18':
        specifier: 18.2.4
        version: 18.2.4
      '@types/node':
        specifier: 18.19.119
        version: 18.19.119
      '@types/tar-fs':
        specifier: 2.0.4
        version: 2.0.4
      opus-decoder:
        specifier: 0.7.10
        version: 0.7.10
      smol-toml:
        specifier: 1.4.1
        version: 1.4.1
      tar-fs:
        specifier: 3.1.0
        version: 3.1.0
      typescript:
        specifier: 5.8.3
        version: 5.8.3

packages:

  '@emnapi/core@1.4.4':
    resolution: {integrity: sha512-A9CnAbC6ARNMKcIcrQwq6HeHCjpcBZ5wSx4U01WXCqEKlrzB9F9315WDNHkrs2xbx7YjjSxbUYxuN6EQzpcY2g==}

  '@emnapi/runtime@1.4.4':
    resolution: {integrity: sha512-hHyapA4A3gPaDCNfiqyZUStTMqIkKRshqPIuDOXv1hcBnD4U3l8cP0T1HMCfGRxQ6V64TGCcoswChANyOAwbQg==}

  '@emnapi/wasi-threads@1.0.3':
    resolution: {integrity: sha512-8K5IFFsQqF9wQNJptGbS6FNKgUTsSRYnTqNCG1vPP8jFdjSv18n2mQfJpkt2Oibo9iBEzcDnDxNwKTzC7svlJw==}

  '@eshaz/web-worker@1.2.2':
    resolution: {integrity: sha512-WxXiHFmD9u/owrzempiDlBB1ZYqiLnm9s6aPc8AlFQalq2tKmqdmMr9GXOupDgzXtqnBipj8Un0gkIm7Sjf8mw==}

  '@inquirer/checkbox@4.1.9':
    resolution: {integrity: sha512-DBJBkzI5Wx4jFaYm221LHvAhpKYkhVS0k9plqHwaHhofGNxvYB7J3Bz8w+bFJ05zaMb0sZNHo4KdmENQFlNTuQ==}
    engines: {node: '>=18'}
    peerDependencies:
      '@types/node': '>=18'
    peerDependenciesMeta:
      '@types/node':
        optional: true

  '@inquirer/confirm@5.1.13':
    resolution: {integrity: sha512-EkCtvp67ICIVVzjsquUiVSd+V5HRGOGQfsqA4E4vMWhYnB7InUL0pa0TIWt1i+OfP16Gkds8CdIu6yGZwOM1Yw==}
    engines: {node: '>=18'}
    peerDependencies:
      '@types/node': '>=18'
    peerDependenciesMeta:
      '@types/node':
        optional: true

  '@inquirer/core@10.1.14':
    resolution: {integrity: sha512-Ma+ZpOJPewtIYl6HZHZckeX1STvDnHTCB2GVINNUlSEn2Am6LddWwfPkIGY0IUFVjUUrr/93XlBwTK6mfLjf0A==}
    engines: {node: '>=18'}
    peerDependencies:
      '@types/node': '>=18'
    peerDependenciesMeta:
      '@types/node':
        optional: true

  '@inquirer/editor@4.2.14':
    resolution: {integrity: sha512-yd2qtLl4QIIax9DTMZ1ZN2pFrrj+yL3kgIWxm34SS6uwCr0sIhsNyudUjAo5q3TqI03xx4SEBkUJqZuAInp9uA==}
    engines: {node: '>=18'}
    peerDependencies:
      '@types/node': '>=18'
    peerDependenciesMeta:
      '@types/node':
        optional: true

  '@inquirer/expand@4.0.16':
    resolution: {integrity: sha512-oiDqafWzMtofeJyyGkb1CTPaxUkjIcSxePHHQCfif8t3HV9pHcw1Kgdw3/uGpDvaFfeTluwQtWiqzPVjAqS3zA==}
    engines: {node: '>=18'}
    peerDependencies:
      '@types/node': '>=18'
    peerDependenciesMeta:
      '@types/node':
        optional: true

  '@inquirer/figures@1.0.12':
    resolution: {integrity: sha512-MJttijd8rMFcKJC8NYmprWr6hD3r9Gd9qUC0XwPNwoEPWSMVJwA2MlXxF+nhZZNMY+HXsWa+o7KY2emWYIn0jQ==}
    engines: {node: '>=18'}

  '@inquirer/input@4.2.0':
    resolution: {integrity: sha512-opqpHPB1NjAmDISi3uvZOTrjEEU5CWVu/HBkDby8t93+6UxYX0Z7Ps0Ltjm5sZiEbWenjubwUkivAEYQmy9xHw==}
    engines: {node: '>=18'}
    peerDependencies:
      '@types/node': '>=18'
    peerDependenciesMeta:
      '@types/node':
        optional: true

  '@inquirer/number@3.0.16':
    resolution: {integrity: sha512-kMrXAaKGavBEoBYUCgualbwA9jWUx2TjMA46ek+pEKy38+LFpL9QHlTd8PO2kWPUgI/KB+qi02o4y2rwXbzr3Q==}
    engines: {node: '>=18'}
    peerDependencies:
      '@types/node': '>=18'
    peerDependenciesMeta:
      '@types/node':
        optional: true

  '@inquirer/password@4.0.16':
    resolution: {integrity: sha512-g8BVNBj5Zeb5/Y3cSN+hDUL7CsIFDIuVxb9EPty3lkxBaYpjL5BNRKSYOF9yOLe+JOcKFd+TSVeADQ4iSY7rbg==}
    engines: {node: '>=18'}
    peerDependencies:
      '@types/node': '>=18'
    peerDependenciesMeta:
      '@types/node':
        optional: true

  '@inquirer/prompts@7.6.0':
    resolution: {integrity: sha512-jAhL7tyMxB3Gfwn4HIJ0yuJ5pvcB5maYUcouGcgd/ub79f9MqZ+aVnBtuFf+VC2GTkCBF+R+eo7Vi63w5VZlzw==}
    engines: {node: '>=18'}
    peerDependencies:
      '@types/node': '>=18'
    peerDependenciesMeta:
      '@types/node':
        optional: true

  '@inquirer/rawlist@4.1.4':
    resolution: {integrity: sha512-5GGvxVpXXMmfZNtvWw4IsHpR7RzqAR624xtkPd1NxxlV5M+pShMqzL4oRddRkg8rVEOK9fKdJp1jjVML2Lr7TQ==}
    engines: {node: '>=18'}
    peerDependencies:
      '@types/node': '>=18'
    peerDependenciesMeta:
      '@types/node':
        optional: true

  '@inquirer/search@3.0.16':
    resolution: {integrity: sha512-POCmXo+j97kTGU6aeRjsPyuCpQQfKcMXdeTMw708ZMtWrj5aykZvlUxH4Qgz3+Y1L/cAVZsSpA+UgZCu2GMOMg==}
    engines: {node: '>=18'}
    peerDependencies:
      '@types/node': '>=18'
    peerDependenciesMeta:
      '@types/node':
        optional: true

  '@inquirer/select@4.2.4':
    resolution: {integrity: sha512-unTppUcTjmnbl/q+h8XeQDhAqIOmwWYWNyiiP2e3orXrg6tOaa5DHXja9PChCSbChOsktyKgOieRZFnajzxoBg==}
    engines: {node: '>=18'}
    peerDependencies:
      '@types/node': '>=18'
    peerDependenciesMeta:
      '@types/node':
        optional: true

  '@inquirer/type@3.0.7':
    resolution: {integrity: sha512-PfunHQcjwnju84L+ycmcMKB/pTPIngjUJvfnRhKY6FKPuYXlM4aQCb/nIdTFR6BEhMjFvngzvng/vBAJMZpLSA==}
    engines: {node: '>=18'}
    peerDependencies:
      '@types/node': '>=18'
    peerDependenciesMeta:
      '@types/node':
        optional: true

  '@napi-rs/cli@3.0.0':
    resolution: {integrity: sha512-V4xSbP4AnS+1POtAGVRhCt0erOTEyLAsZ2+MJOcI1NXCwgsKZGjp8cf/UmVo8e2jUE8tTkyxvnIPCqzVkT3RjQ==}
    engines: {node: '>= 16'}
    hasBin: true
    peerDependencies:
      '@emnapi/runtime': ^1.1.0
      emnapi: ^1.1.0
    peerDependenciesMeta:
      '@emnapi/runtime':
        optional: true
      emnapi:
        optional: true

  '@napi-rs/cross-toolchain@0.0.19':
    resolution: {integrity: sha512-StHXqYANdTaMFqJJ3JXHqKQMylOzOJPcrOCd9Nt2NIGfvfaXK3SzpmNfkJimkOAYfTsfpfuRERsML0bUZCpHBQ==}
    peerDependencies:
      '@napi-rs/cross-toolchain-arm64-target-aarch64': ^0.0.19
      '@napi-rs/cross-toolchain-arm64-target-armv7': ^0.0.19
      '@napi-rs/cross-toolchain-arm64-target-x86_64': ^0.0.19
      '@napi-rs/cross-toolchain-x64-target-aarch64': ^0.0.19
      '@napi-rs/cross-toolchain-x64-target-armv7': ^0.0.19
      '@napi-rs/cross-toolchain-x64-target-x86_64': ^0.0.19
    peerDependenciesMeta:
      '@napi-rs/cross-toolchain-arm64-target-aarch64':
        optional: true
      '@napi-rs/cross-toolchain-arm64-target-armv7':
        optional: true
      '@napi-rs/cross-toolchain-arm64-target-x86_64':
        optional: true
      '@napi-rs/cross-toolchain-x64-target-aarch64':
        optional: true
      '@napi-rs/cross-toolchain-x64-target-armv7':
        optional: true
      '@napi-rs/cross-toolchain-x64-target-x86_64':
        optional: true

  '@napi-rs/lzma-android-arm-eabi@1.4.3':
    resolution: {integrity: sha512-XpjRUZ/EbWtVbMvW+ucon5Ykz7PjMoX65mIlUdAiVnaPGykzFAUrl8dl6Br5bfqnhQQfDjjUIgTAwWl3G++n1g==}
    engines: {node: '>= 10'}
    cpu: [arm]
    os: [android]

  '@napi-rs/lzma-android-arm64@1.4.3':
    resolution: {integrity: sha512-Bve6BF/4pnlO6HotIgRWgmUT3rbbW/QH471RF/GBA29GfEeUOPEdfQWC7tlzrLYsVFNX2KCWKd+XlxQNz9sRaA==}
    engines: {node: '>= 10'}
    cpu: [arm64]
    os: [android]

  '@napi-rs/lzma-darwin-arm64@1.4.3':
    resolution: {integrity: sha512-UxTb56kL6pSVTsZ1ShibnqLSwJZLTWtPU5TNYuyIjVNQYAIG8JQ5Yxz35azjwBCK7AjD8pBdpWLYUSyJRGAVAw==}
    engines: {node: '>= 10'}
    cpu: [arm64]
    os: [darwin]

  '@napi-rs/lzma-darwin-x64@1.4.3':
    resolution: {integrity: sha512-ps6HiwGKS1P4ottyV2/hVboZ0ugdM1Z1qO9YFpcuKweORfxAkxwJ6S8jOt7G27LQiWiiQHVwsUCODTHDFhOUPQ==}
    engines: {node: '>= 10'}
    cpu: [x64]
    os: [darwin]

  '@napi-rs/lzma-freebsd-x64@1.4.3':
    resolution: {integrity: sha512-W49h41U3+vLnbthbPzvJX1fQtTG+1jyUlfB+wX3oxILvIur06PjJRdMXrFtOZpWkFsihK9gO2DRkQYQJIIgTZw==}
    engines: {node: '>= 10'}
    cpu: [x64]
    os: [freebsd]

  '@napi-rs/lzma-linux-arm-gnueabihf@1.4.3':
    resolution: {integrity: sha512-11PNPiMGuwwxIxd9yPZY3Ek6RFGFRFQb/AtMStJIwlmJ6sM/djEknClLJVbVXbC/nqm7htVZEr+qmYgoDy0fAw==}
    engines: {node: '>= 10'}
    cpu: [arm]
    os: [linux]

  '@napi-rs/lzma-linux-arm64-gnu@1.4.3':
    resolution: {integrity: sha512-XzlxZjSXTcrWFHbvvv2xbV5+bSV5IJqCJ8CCksc7xV3uWEAso9yBPJ8VSRD3GPc7ZoBDRqJmgCb/HQzHpLBekw==}
    engines: {node: '>= 10'}
    cpu: [arm64]
    os: [linux]

  '@napi-rs/lzma-linux-arm64-musl@1.4.3':
    resolution: {integrity: sha512-k4fWiI4Pm61Esj8hnm7NWIbpZueTtP2jlJqmMhTqJyjqW3NUxbTHjSErZOZKIFRF1B3if4v5Tyzo7JL2X+BaSQ==}
    engines: {node: '>= 10'}
    cpu: [arm64]
    os: [linux]

  '@napi-rs/lzma-linux-ppc64-gnu@1.4.3':
    resolution: {integrity: sha512-tTIfk+TYZYbFySxaCMuzp4Zz1T3I6OYVYNAm+IrCSkZDLmUKUzBK3+Su+mT+PjcTNsAiHBa5NVjARXC7b7jmgQ==}
    engines: {node: '>= 10'}
    cpu: [ppc64]
    os: [linux]

  '@napi-rs/lzma-linux-riscv64-gnu@1.4.3':
    resolution: {integrity: sha512-HPyLYOYhkN7QYaWiKWhSnsLmx/l0pqgiiyaYeycgxCm9dwL8ummFWxveZqYjqdbUUvG7Mgi1jqgRe+55MVdyZQ==}
    engines: {node: '>= 10'}
    cpu: [riscv64]
    os: [linux]

  '@napi-rs/lzma-linux-s390x-gnu@1.4.3':
    resolution: {integrity: sha512-YkcV+RSZZIMM3D5sPZqvo2Q7/tHXBhgJWBi+6ceo46pTlqgn/nH+pVz+CzsDmLWz5hqNSXyv5IAhOcg2CH6rAg==}
    engines: {node: '>= 10'}
    cpu: [s390x]
    os: [linux]

  '@napi-rs/lzma-linux-x64-gnu@1.4.3':
    resolution: {integrity: sha512-ep6PLjN1+g4P12Hc7sLRmVpXXaHX22ykqxnOzjXUoj1KTph5XgM4+fUCyE5dsYI+lB4/tXqFuf9ZeFgHk5f00A==}
    engines: {node: '>= 10'}
    cpu: [x64]
    os: [linux]

  '@napi-rs/lzma-linux-x64-musl@1.4.3':
    resolution: {integrity: sha512-QkCO6rVw0Z7eY0ziVc4aCFplbOTMpt0UBLPXWxsPd2lXtkAlRChzqaHOxdcL/HoLmBsqdCxmG0EZuHuAP/vKZQ==}
    engines: {node: '>= 10'}
    cpu: [x64]
    os: [linux]

  '@napi-rs/lzma-wasm32-wasi@1.4.3':
    resolution: {integrity: sha512-+rMamB0xaeDyVt4OP4cV888cnmso+m78iUebNhGcrL/WXIziwql50KQrmj7PBdBCza/W7XEcraZT8pO8gSDGcg==}
    engines: {node: '>=14.0.0'}
    cpu: [wasm32]

  '@napi-rs/lzma-win32-arm64-msvc@1.4.3':
    resolution: {integrity: sha512-6gQ+R6ztw11hswdsEu0jsOOXXnJPwhOA1yHRjqfuFemhf6esMd8l9b0uh3BfLBNe7qumtrH4KLrHu8yC9pSY3g==}
    engines: {node: '>= 10'}
    cpu: [arm64]
    os: [win32]

  '@napi-rs/lzma-win32-ia32-msvc@1.4.3':
    resolution: {integrity: sha512-+AJeJQoGE+QtZKlwM4VzDkfLmUa+6DsGOO5zdbIPlRCB6PEstRCXxp8lkMiQBNgk9f/IO0UEkRcJSZ+Hhqd8zw==}
    engines: {node: '>= 10'}
    cpu: [ia32]
    os: [win32]

  '@napi-rs/lzma-win32-x64-msvc@1.4.3':
    resolution: {integrity: sha512-66dFCX9ACpVUyTTom89nxhllc88yJyjxGFHO0M2olFcrSJArulfbE9kNIATgh04NDAe/l8VsDhnAxWuvJY1GuA==}
    engines: {node: '>= 10'}
    cpu: [x64]
    os: [win32]

  '@napi-rs/lzma@1.4.3':
    resolution: {integrity: sha512-uBjLLoUM9ll03jL/bP7XjyPg0vTU0vQ35N1vVqQHbzlK/fVZyuF2B1p/A6kqPsFFhaoBKgO6oaxsuerv091RtQ==}
    engines: {node: '>= 10'}

  '@napi-rs/tar-android-arm-eabi@0.1.5':
    resolution: {integrity: sha512-FM2qNG3ELeYibnZC8dfsCV4i/pql1nlLKVINfRC7TSwqFfgj5gbezZ0rT8gRPHbLyslVt6m4MPZfRE8Uj/MuCA==}
    engines: {node: '>= 10'}
    cpu: [arm]
    os: [android]

  '@napi-rs/tar-android-arm64@0.1.5':
    resolution: {integrity: sha512-OpP0QyD+K0a68nqyko793lLWiC2BN1wWF/Doatus1OCKxgj61vtrUPVO2cQGQS5i07I/+YGRF8lD0tQDrk4JDQ==}
    engines: {node: '>= 10'}
    cpu: [arm64]
    os: [android]

  '@napi-rs/tar-darwin-arm64@0.1.5':
    resolution: {integrity: sha512-sfyM/9gxFabdMTFt4quvLJuKbXS6StGIUf7Cp3l8aV2WqCURJevdpN6wW8XtGBo/iSnAP52ERwMRdyIavPYruw==}
    engines: {node: '>= 10'}
    cpu: [arm64]
    os: [darwin]

  '@napi-rs/tar-darwin-x64@0.1.5':
    resolution: {integrity: sha512-NtY8bADKE/3ODBM3hW/RgPeeERJpI6/jgipT3eLJ/CQWY1VJ6t9GHR7anJKhx1oxVdmSfqfCGMolM8WPV9x9bw==}
    engines: {node: '>= 10'}
    cpu: [x64]
    os: [darwin]

  '@napi-rs/tar-freebsd-x64@0.1.5':
    resolution: {integrity: sha512-azl0nWrDJAGg25cGVKEY7UtU5ABGz4sQASKvemDLwGbzMDtkJgCoPb+OunI1pezijRAyhiuZEQ4jK8S1qNAWCg==}
    engines: {node: '>= 10'}
    cpu: [x64]
    os: [freebsd]

  '@napi-rs/tar-linux-arm-gnueabihf@0.1.5':
    resolution: {integrity: sha512-OjGdKjaW7b0m96rAvsLthMBhwYSSgpTM/WkHqRJo91HCYQ6tHXDBnq4VIQx2FpwT1PoetvRsbSgy0tOc95iYjA==}
    engines: {node: '>= 10'}
    cpu: [arm]
    os: [linux]

  '@napi-rs/tar-linux-arm64-gnu@0.1.5':
    resolution: {integrity: sha512-o3b2VE5c7+NFb6XRcXrdXgur1yhpx+XNItFoeJUMBE8z0AGAISf2DJSbcJawmefUvrGtr+iLr61hsr6f2hw+5Q==}
    engines: {node: '>= 10'}
    cpu: [arm64]
    os: [linux]

  '@napi-rs/tar-linux-arm64-musl@0.1.5':
    resolution: {integrity: sha512-5xTxsoPVqovnZ197CqTc+q3psRM4i+ErdiyfDgkG4nP045jh50gp22WKZuE24dc7/iS+IyUrM3+PRbmj2mzR8g==}
    engines: {node: '>= 10'}
    cpu: [arm64]
    os: [linux]

  '@napi-rs/tar-linux-ppc64-gnu@0.1.5':
    resolution: {integrity: sha512-7FF1u8EkDpCEPCgU0/kvuzsO+opB7eIbsGfKRIbOqrDT7c1DYxDetNTtukPvNoT2kvwfxxThgTfcPADPxdOE/w==}
    engines: {node: '>= 10'}
    cpu: [ppc64]
    os: [linux]

  '@napi-rs/tar-linux-s390x-gnu@0.1.5':
    resolution: {integrity: sha512-uyIZ7OLCLHtVBpogoJUD0GSAF1IUa3d5c5AVUemTLIwYkVgzdEB+khh3i2+/oKObf79ZKfQ8mYxOryHqfx+ulw==}
    engines: {node: '>= 10'}
    cpu: [s390x]
    os: [linux]

  '@napi-rs/tar-linux-x64-gnu@0.1.5':
    resolution: {integrity: sha512-y8pFyVTU6lSYiW2lse6i1Ns9yt9mBkAqPbcJnIjqC7ZqRd61T6g3XZDSrKmsM6ycTfsAqoE5WyyFxBjQN29AOA==}
    engines: {node: '>= 10'}
    cpu: [x64]
    os: [linux]

  '@napi-rs/tar-linux-x64-musl@0.1.5':
    resolution: {integrity: sha512-8phLYc0QX+tqvp34PQHUulZUi4sy/fdg1KgFHiyYExTRRleBB01vM7KSn7Bk9dwH7lannO5D7j4O8OY46Xcr/A==}
    engines: {node: '>= 10'}
    cpu: [x64]
    os: [linux]

  '@napi-rs/tar-wasm32-wasi@0.1.5':
    resolution: {integrity: sha512-OpVWC/bwY0zb6nbQDg6koxeZGb441gXwPkaYVjaK4O0TJjNpRKbokLAMlGFtcc/sVSPjghFL0+enfnLDt/P7og==}
    engines: {node: '>=14.0.0'}
    cpu: [wasm32]

  '@napi-rs/tar-win32-arm64-msvc@0.1.5':
    resolution: {integrity: sha512-FXwQA2Ib55q98szshvDsitgo2iLW2lTD1Q53e8dPMGobPa2yL5e8IjJDCcMI7XJwBZPl9YjJk7nAb8y20DXF+Q==}
    engines: {node: '>= 10'}
    cpu: [arm64]
    os: [win32]

  '@napi-rs/tar-win32-ia32-msvc@0.1.5':
    resolution: {integrity: sha512-XEt58yFslNkwf2yJ+uX5nDNmPAk15Metkx2hVPeH29mOpuG2H8nuS8/42hZ+dQfZf3xABRjyurVMMH9JcgLZIQ==}
    engines: {node: '>= 10'}
    cpu: [ia32]
    os: [win32]

  '@napi-rs/tar-win32-x64-msvc@0.1.5':
    resolution: {integrity: sha512-9Rq0Ob4S5NGFwNL3kGQkgrYlObqQgw19QMSZdVuhzZ9sSxn9OSF5cWgZ/n1oMEPWK+u6n9GSN2XbPn4DI7pm7Q==}
    engines: {node: '>= 10'}
    cpu: [x64]
    os: [win32]

  '@napi-rs/tar@0.1.5':
    resolution: {integrity: sha512-skgWKcpjtUqJUk1jwhVl8vXYCXQlFC532KiryU3hQBr6ZIJk0E0qD9FG99hUqtPko8mIMS5HDPO+uSnvHfgRVg==}
    engines: {node: '>= 10'}

  '@napi-rs/wasm-runtime@0.2.12':
    resolution: {integrity: sha512-ZVWUcfwY4E/yPitQJl481FjFo3K22D6qF0DuFH6Y/nbnE11GY5uguDxZMGXPQ8WQ0128MXQD7TnfHyK4oWoIJQ==}

  '@napi-rs/wasm-tools-android-arm-eabi@0.0.3':
    resolution: {integrity: sha512-T2tme8w5jZ/ZCjJurqNtKCxYtGoDjW9v2rn1bfI60ewCfkYXNpxrTURdkOib85sz+BcwmOfXn0enbg5W9KohoQ==}
    engines: {node: '>= 10'}
    cpu: [arm]
    os: [android]

  '@napi-rs/wasm-tools-android-arm64@0.0.3':
    resolution: {integrity: sha512-siHTjrxxBrvsVty5X2jI5waAyzJpr756GqGVUqxqS2eoTuqYRfgaFNvX8asp9LAagFtOojfD0fZfuvxK7dc4Rw==}
    engines: {node: '>= 10'}
    cpu: [arm64]
    os: [android]

  '@napi-rs/wasm-tools-darwin-arm64@0.0.3':
    resolution: {integrity: sha512-0MqsSOYJ4jXcLv/nAInS8nwU+/hL0rSEJo7JXKj3dhkT9UNSj4zfidcOaIb05O9VskJBPmV040+edtWPHXNt2Q==}
    engines: {node: '>= 10'}
    cpu: [arm64]
    os: [darwin]

  '@napi-rs/wasm-tools-darwin-x64@0.0.3':
    resolution: {integrity: sha512-yXAK2mrlBMZZYK/59JRHZu/c683HFpr5ork1cn++fy8gqUBRLbjuq47VDjA7oyLW5SmWqNDhmhjFTDGvfIvcUg==}
    engines: {node: '>= 10'}
    cpu: [x64]
    os: [darwin]

  '@napi-rs/wasm-tools-freebsd-x64@0.0.3':
    resolution: {integrity: sha512-K1rne814utBd9Zo9LCggQ5h0TSnzGPzA+sG78Qr7KfFz8XQxEGDRH5wpzXyF1KaKav2RmO6wGMXlasDgIcq7GA==}
    engines: {node: '>= 10'}
    cpu: [x64]
    os: [freebsd]

  '@napi-rs/wasm-tools-linux-arm64-gnu@0.0.3':
    resolution: {integrity: sha512-Yu3gtpvGc2+hcay3SU5MK7EMrGPBq/V4i8mpw/MEYUCzOb7Vd9aL8CryElzlk0SIbktG08VYMdhFFFoJAjlYtg==}
    engines: {node: '>= 10'}
    cpu: [arm64]
    os: [linux]

  '@napi-rs/wasm-tools-linux-arm64-musl@0.0.3':
    resolution: {integrity: sha512-XN+sPgEwFw3P47wDvtcQyOoZNghIL8gaiRjEGzprB+kE9N21GkuMbk3kdjiBBJkjqKF25f4fbOvNAY0jQEAO3A==}
    engines: {node: '>= 10'}
    cpu: [arm64]
    os: [linux]

  '@napi-rs/wasm-tools-linux-x64-gnu@0.0.3':
    resolution: {integrity: sha512-mfMvMEqn33YtEjIyLPguZ6yDsNtF5zV7mqc99620YDyj2SLa0aI35TNTc7Dm+/hlgqHRKhdudsWGfYc4dBND2Q==}
    engines: {node: '>= 10'}
    cpu: [x64]
    os: [linux]

  '@napi-rs/wasm-tools-linux-x64-musl@0.0.3':
    resolution: {integrity: sha512-KXMsXWGELoN5xgPCoRHbgt5TScSx8BK2GcCHKJ9OPZ2HMfsXbLgS/SNi6vz1CbLMZMLPBY2G6HAk0gzLGyS0mQ==}
    engines: {node: '>= 10'}
    cpu: [x64]
    os: [linux]

  '@napi-rs/wasm-tools-wasm32-wasi@0.0.3':
    resolution: {integrity: sha512-v3iMHnAfMteogpbqHTFeLXPeAzL5AhpDJLvZvLXbuRiMsMRL0dn8CbcEnYja2P/Ui6Xlyky6PcaUsepOUTNb7A==}
    engines: {node: '>=14.0.0'}
    cpu: [wasm32]

  '@napi-rs/wasm-tools-win32-arm64-msvc@0.0.3':
    resolution: {integrity: sha512-HWrg9cW+u+rQKL9XCQILaGGs6mDYdwX9nwcTIvJAjrpGWu8Dp4wz6i66w6YKHqVng1suGYjjr+LH4/1e0tDaAg==}
    engines: {node: '>= 10'}
    cpu: [arm64]
    os: [win32]

  '@napi-rs/wasm-tools-win32-ia32-msvc@0.0.3':
    resolution: {integrity: sha512-h99hAWvQKhcloyPfPi0IjrvKRToTE9Z4UVXoXZhcjpCGmr3o1qW+1FAupRy/TcVdMjUJNLE/aenml3UPqzQEQw==}
    engines: {node: '>= 10'}
    cpu: [ia32]
    os: [win32]

  '@napi-rs/wasm-tools-win32-x64-msvc@0.0.3':
    resolution: {integrity: sha512-7/6IpzMi9VGYxLcc9SJyu9ZIdbDwyyb09glVF/2SFEgke9F5H46XzRrAdSoRnjfcq/tdLyHKJbnpCIB257qVYg==}
    engines: {node: '>= 10'}
    cpu: [x64]
    os: [win32]

  '@napi-rs/wasm-tools@0.0.3':
    resolution: {integrity: sha512-p7NT5wnOIwmP0f3KbXlMabeld5dPFsADpHMWJaBodTSmnPE8P4msguxKJLKWquqAS1FY2dsjBZ62K0/hfiqAUg==}
    engines: {node: '>= 10'}

  '@octokit/auth-token@6.0.0':
    resolution: {integrity: sha512-P4YJBPdPSpWTQ1NU4XYdvHvXJJDxM6YwpS0FZHRgP7YFkdVxsWcpWGy/NVqlAA7PcPCnMacXlRm1y2PFZRWL/w==}
    engines: {node: '>= 20'}

  '@octokit/core@7.0.3':
    resolution: {integrity: sha512-oNXsh2ywth5aowwIa7RKtawnkdH6LgU1ztfP9AIUCQCvzysB+WeU8o2kyyosDPwBZutPpjZDKPQGIzzrfTWweQ==}
    engines: {node: '>= 20'}

  '@octokit/endpoint@11.0.0':
    resolution: {integrity: sha512-hoYicJZaqISMAI3JfaDr1qMNi48OctWuOih1m80bkYow/ayPw6Jj52tqWJ6GEoFTk1gBqfanSoI1iY99Z5+ekQ==}
    engines: {node: '>= 20'}

  '@octokit/graphql@9.0.1':
    resolution: {integrity: sha512-j1nQNU1ZxNFx2ZtKmL4sMrs4egy5h65OMDmSbVyuCzjOcwsHq6EaYjOTGXPQxgfiN8dJ4CriYHk6zF050WEULg==}
    engines: {node: '>= 20'}

  '@octokit/openapi-types@25.1.0':
    resolution: {integrity: sha512-idsIggNXUKkk0+BExUn1dQ92sfysJrje03Q0bv0e+KPLrvyqZF8MnBpFz8UNfYDwB3Ie7Z0TByjWfzxt7vseaA==}

  '@octokit/plugin-paginate-rest@13.1.1':
    resolution: {integrity: sha512-q9iQGlZlxAVNRN2jDNskJW/Cafy7/XE52wjZ5TTvyhyOD904Cvx//DNyoO3J/MXJ0ve3rPoNWKEg5iZrisQSuw==}
    engines: {node: '>= 20'}
    peerDependencies:
      '@octokit/core': '>=6'

  '@octokit/plugin-request-log@6.0.0':
    resolution: {integrity: sha512-UkOzeEN3W91/eBq9sPZNQ7sUBvYCqYbrrD8gTbBuGtHEuycE4/awMXcYvx6sVYo7LypPhmQwwpUe4Yyu4QZN5Q==}
    engines: {node: '>= 20'}
    peerDependencies:
      '@octokit/core': '>=6'

  '@octokit/plugin-rest-endpoint-methods@16.0.0':
    resolution: {integrity: sha512-kJVUQk6/dx/gRNLWUnAWKFs1kVPn5O5CYZyssyEoNYaFedqZxsfYs7DwI3d67hGz4qOwaJ1dpm07hOAD1BXx6g==}
    engines: {node: '>= 20'}
    peerDependencies:
      '@octokit/core': '>=6'

  '@octokit/request-error@7.0.0':
    resolution: {integrity: sha512-KRA7VTGdVyJlh0cP5Tf94hTiYVVqmt2f3I6mnimmaVz4UG3gQV/k4mDJlJv3X67iX6rmN7gSHCF8ssqeMnmhZg==}
    engines: {node: '>= 20'}

  '@octokit/request@10.0.3':
    resolution: {integrity: sha512-V6jhKokg35vk098iBqp2FBKunk3kMTXlmq+PtbV9Gl3TfskWlebSofU9uunVKhUN7xl+0+i5vt0TGTG8/p/7HA==}
    engines: {node: '>= 20'}

  '@octokit/rest@22.0.0':
    resolution: {integrity: sha512-z6tmTu9BTnw51jYGulxrlernpsQYXpui1RK21vmXn8yF5bp6iX16yfTtJYGK5Mh1qDkvDOmp2n8sRMcQmR8jiA==}
    engines: {node: '>= 20'}

  '@octokit/types@14.1.0':
    resolution: {integrity: sha512-1y6DgTy8Jomcpu33N+p5w58l6xyt55Ar2I91RPiIA0xCJBXyUAhXCcmZaDWSANiha7R9a6qJJ2CRomGPZ6f46g==}

  '@taplo/cli@0.7.0':
    resolution: {integrity: sha512-Ck3zFhQhIhi02Hl6T4ZmJsXdnJE+wXcJz5f8klxd4keRYgenMnip3JDPMGDRLbnC/2iGd8P0sBIQqI3KxfVjBg==}
    hasBin: true

  '@tsconfig/node18@18.2.4':
    resolution: {integrity: sha512-5xxU8vVs9/FNcvm3gE07fPbn9tl6tqGGWA9tSlwsUEkBxtRnTsNmwrV8gasZ9F/EobaSv9+nu8AxUKccw77JpQ==}

  '@tybys/wasm-util@0.10.0':
    resolution: {integrity: sha512-VyyPYFlOMNylG45GoAe0xDoLwWuowvf92F9kySqzYh8vmYm7D2u4iUJKa1tOUpS70Ku13ASrOkS4ScXFsTaCNQ==}

  '@types/node@18.19.119':
    resolution: {integrity: sha512-d0F6m9itIPaKnrvEMlzE48UjwZaAnFW7Jwibacw9MNdqadjKNpUm9tfJYDwmShJmgqcoqYUX3EMKO1+RWiuuNg==}

  '@types/tar-fs@2.0.4':
    resolution: {integrity: sha512-ipPec0CjTmVDWE+QKr9cTmIIoTl7dFG/yARCM5MqK8i6CNLIG1P8x4kwDsOQY1ChZOZjH0wO9nvfgBvWl4R3kA==}

  '@types/tar-stream@3.1.4':
    resolution: {integrity: sha512-921gW0+g29mCJX0fRvqeHzBlE/XclDaAG0Ousy1LCghsOhvaKacDeRGEVzQP9IPfKn8Vysy7FEXAIxycpc/CMg==}

  '@wasm-audio-decoders/common@9.0.7':
    resolution: {integrity: sha512-WRaUuWSKV7pkttBygml/a6dIEpatq2nnZGFIoPTc5yPLkxL6Wk4YaslPM98OPQvWacvNZ+Py9xROGDtrFBDzag==}

  ansi-escapes@4.3.2:
    resolution: {integrity: sha512-gKXj5ALrKWQLsYG9jlTRmR/xKluxHV+Z9QEwNIgCfM1/uwPMCuzVVnh5mwTd+OuBZcwSIMbqssNWRm1lE51QaQ==}
    engines: {node: '>=8'}

  ansi-regex@5.0.1:
    resolution: {integrity: sha512-quJQXlTSUGL2LH9SUXo8VwsY4soanhgo6LNSm84E1LBcE8s3O0wpdiRzyR9z/ZZJMlMWv37qOOb9pdJlMUEKFQ==}
    engines: {node: '>=8'}

  ansi-styles@4.3.0:
    resolution: {integrity: sha512-zbB9rCJAT1rbjiVDb2hqKFHNYLxgtk8NURxZ3IZwD3F6NtxbXZQCnnSi1Lkx+IDohdPlFp222wVALIheZJQSEg==}
    engines: {node: '>=8'}

  argparse@2.0.1:
    resolution: {integrity: sha512-8+9WqebbFzpX9OR+Wa6O29asIogeRMzcGtAINdpMHHyAg10f05aSFVBbcEqGf/PXw1EjAZ+q2/bEBg3DvurK3Q==}

  b4a@1.6.7:
    resolution: {integrity: sha512-OnAYlL5b7LEkALw87fUVafQw5rVR9RjwGd4KUwNQ6DrrNmaVaUCgLipfVlzrPQ4tWOR9P0IXGNOx50jYCCdSJg==}

  bare-events@2.6.0:
    resolution: {integrity: sha512-EKZ5BTXYExaNqi3I3f9RtEsaI/xBSGjE0XZCZilPzFAV/goswFHuPd9jEZlPIZ/iNZJwDSao9qRiScySz7MbQg==}

  bare-fs@4.1.6:
    resolution: {integrity: sha512-25RsLF33BqooOEFNdMcEhMpJy8EoR88zSMrnOQOaM3USnOK2VmaJ1uaQEwPA6AQjrv1lXChScosN6CzbwbO9OQ==}
    engines: {bare: '>=1.16.0'}
    peerDependencies:
      bare-buffer: '*'
    peerDependenciesMeta:
      bare-buffer:
        optional: true

  bare-os@3.6.1:
    resolution: {integrity: sha512-uaIjxokhFidJP+bmmvKSgiMzj2sV5GPHaZVAIktcxcpCyBFFWO+YlikVAdhmUo2vYFvFhOXIAlldqV29L8126g==}
    engines: {bare: '>=1.14.0'}

  bare-path@3.0.0:
    resolution: {integrity: sha512-tyfW2cQcB5NN8Saijrhqn0Zh7AnFNsnczRcuWODH0eYAXBsJ5gVxAUuNr7tsHSC6IZ77cA0SitzT+s47kot8Mw==}

  bare-stream@2.6.5:
    resolution: {integrity: sha512-jSmxKJNJmHySi6hC42zlZnq00rga4jjxcgNZjY9N5WlOe/iOoGRtdwGsHzQv2RlH2KOYMwGUXhf2zXd32BA9RA==}
    peerDependencies:
      bare-buffer: '*'
      bare-events: '*'
    peerDependenciesMeta:
      bare-buffer:
        optional: true
      bare-events:
        optional: true

  before-after-hook@4.0.0:
    resolution: {integrity: sha512-q6tR3RPqIB1pMiTRMFcZwuG5T8vwp+vUvEG0vuI6B+Rikh5BfPp2fQ82c925FOs+b0lcFQ8CFrL+KbilfZFhOQ==}

  chardet@0.7.0:
    resolution: {integrity: sha512-mT8iDcrh03qDGRRmoA2hmBJnxpllMR+0/0qlzjqZES6NdiWDcZkCNAk4rPFZ9Q85r27unkiNNg8ZOiwZXBHwcA==}

  cli-width@4.1.0:
    resolution: {integrity: sha512-ouuZd4/dm2Sw5Gmqy6bGyNNNe1qt9RpmxveLSO7KcgsTnU7RXfsw+/bukWGo1abgBiMAic068rclZsO4IWmmxQ==}
    engines: {node: '>= 12'}

  clipanion@4.0.0-rc.4:
    resolution: {integrity: sha512-CXkMQxU6s9GklO/1f714dkKBMu1lopS1WFF0B8o4AxPykR1hpozxSiUZ5ZUeBjfPgCWqbcNOtZVFhB8Lkfp1+Q==}
    peerDependencies:
      typanion: '*'

  color-convert@2.0.1:
    resolution: {integrity: sha512-RRECPsj7iu/xb5oKYcsFHSppFNnsj/52OVTRKb4zP5onXwVF3zVmmToNcOfGC+CRDpfK/U584fMg38ZHCaElKQ==}
    engines: {node: '>=7.0.0'}

  color-name@1.1.4:
    resolution: {integrity: sha512-dOy+3AuW3a2wNbZHIuMZpTcgjGuLU/uBL/ubcZF9OXbDo8ff4O8yVp5Bf0efS8uEoYo5q4Fx7dY9OgQGXgAsQA==}

  colorette@2.0.20:
    resolution: {integrity: sha512-IfEDxwoWIjkeXL1eXcDiow4UbKjhLdq6/EuSVR9GMN7KVH3r9gQ83e73hsz1Nd1T3ijd5xv1wcWRYO+D6kCI2w==}

  debug@4.4.1:
    resolution: {integrity: sha512-KcKCqiftBJcZr++7ykoDIEwSa3XWowTfNPo92BYxjXiyYEVrUQh2aLyhxBCwww+heortUFxEJYcRzosstTEBYQ==}
    engines: {node: '>=6.0'}
    peerDependencies:
      supports-color: '*'
    peerDependenciesMeta:
      supports-color:
        optional: true

  emoji-regex@8.0.0:
    resolution: {integrity: sha512-MSjYzcWNOA0ewAHpz0MxpYFvwg6yjy1NG3xteoqz644VCo/RPgnr1/GGt+ic3iJTzQ8Eu3TdM14SawnVUmGE6A==}

  end-of-stream@1.4.5:
    resolution: {integrity: sha512-ooEGc6HP26xXq/N+GCGOT0JKCLDGrq2bQUZrQ7gyrJiZANJ/8YDTxTpQBXGMn+WbIQXNVpyWymm7KYVICQnyOg==}

  external-editor@3.1.0:
    resolution: {integrity: sha512-hMQ4CX1p1izmuLYyZqLMO/qGNw10wSv9QDCPfzXfyFrOaCSSoRfqE1Kf1s5an66J5JZC62NewG+mK49jOCtQew==}
    engines: {node: '>=4'}

  fast-content-type-parse@3.0.0:
    resolution: {integrity: sha512-ZvLdcY8P+N8mGQJahJV5G4U88CSvT1rP8ApL6uETe88MBXrBHAkZlSEySdUlyztF7ccb+Znos3TFqaepHxdhBg==}

  fast-fifo@1.3.2:
    resolution: {integrity: sha512-/d9sfos4yxzpwkDkuN7k2SqFKtYNmCTzgfEpz82x34IM9/zc8KGxQoXg1liNC/izpRM/MBdt44Nmx41ZWqk+FQ==}

  find-up@7.0.0:
    resolution: {integrity: sha512-YyZM99iHrqLKjmt4LJDj58KI+fYyufRLBSYcqycxf//KpBk9FoewoGX0450m9nB44qrZnovzC2oeP5hUibxc/g==}
    engines: {node: '>=18'}

  iconv-lite@0.4.24:
    resolution: {integrity: sha512-v3MXnZAcvnywkTUEZomIActle7RXXeedOR31wwl7VlyoXO4Qi9arvSenNQWne1TcRwhCL1HwLI21bEqdpj8/rA==}
    engines: {node: '>=0.10.0'}

  is-fullwidth-code-point@3.0.0:
    resolution: {integrity: sha512-zymm5+u+sCsSWyD9qNaejV3DFvhCKclKdizYaJUuHA83RLjb7nSuGnddCHGv0hk+KY7BMAlsWeK4Ueg6EV6XQg==}
    engines: {node: '>=8'}

  js-yaml@4.1.0:
    resolution: {integrity: sha512-wpxZs9NoxZaJESJGIZTyDEaYpl0FKSA+FB9aJiyemKhMwkxQg63h4T1KJgUGHpTqPDNRcmmYLugrRjJlBtWvRA==}
    hasBin: true

  locate-path@7.2.0:
    resolution: {integrity: sha512-gvVijfZvn7R+2qyPX8mAuKcFGDf6Nc61GdvGafQsHL0sBIxfKzA+usWn4GFC/bk+QdwPUD4kWFJLhElipq+0VA==}
    engines: {node: ^12.20.0 || ^14.13.1 || >=16.0.0}

  lodash-es@4.17.21:
    resolution: {integrity: sha512-mKnC+QJ9pWVzv+C4/U3rRsHapFfHvQFoFB92e52xeyGMcX6/OlIl78je1u8vePzYZSkkogMPJ2yjxxsb89cxyw==}

  ms@2.1.3:
    resolution: {integrity: sha512-6FlzubTLZG3J2a/NVCAleEhjzq5oxgHyaCU9yYXvcLsvoVaHJq/s5xXI6/XXP6tz7R9xAOtHnSO/tXtF3WRTlA==}

  mute-stream@2.0.0:
    resolution: {integrity: sha512-WWdIxpyjEn+FhQJQQv9aQAYlHoNVdzIzUySNV1gHUPDSdZJ3yZn7pAAbQcV7B56Mvu881q9FZV+0Vx2xC44VWA==}
    engines: {node: ^18.17.0 || >=20.5.0}

  once@1.4.0:
    resolution: {integrity: sha512-lNaJgI+2Q5URQBkccEKHTQOPaXdUxnZZElQTZY0MFUAuaEqe1E+Nyvgdz/aIyNi6Z9MzO5dv1H8n58/GELp3+w==}

  opus-decoder@0.7.10:
    resolution: {integrity: sha512-qUZdyAK+kKy/wUSd/oZ0ULE9U/yskp332n2oBvSP/Jz/wHsHiVRg33f/tRUR8TRiw+ka7AQUclxcr5TbUJo+VA==}

  os-tmpdir@1.0.2:
    resolution: {integrity: sha512-D2FR03Vir7FIu45XBY20mTb+/ZSWB00sjU9jdQXt83gDrI4Ztz5Fs7/yy74g2N5SVQY4xY1qDr4rNddwYRVX0g==}
    engines: {node: '>=0.10.0'}

  p-limit@4.0.0:
    resolution: {integrity: sha512-5b0R4txpzjPWVw/cXXUResoD4hb6U/x9BH08L7nw+GN1sezDzPdxeRvpc9c433fZhBan/wusjbCsqwqm4EIBIQ==}
    engines: {node: ^12.20.0 || ^14.13.1 || >=16.0.0}

  p-locate@6.0.0:
    resolution: {integrity: sha512-wPrq66Llhl7/4AGC6I+cqxT07LhXvWL08LNXz1fENOw0Ap4sRZZ/gZpTTJ5jpurzzzfS2W/Ge9BY3LgLjCShcw==}
    engines: {node: ^12.20.0 || ^14.13.1 || >=16.0.0}

  path-exists@5.0.0:
    resolution: {integrity: sha512-RjhtfwJOxzcFmNOi6ltcbcu4Iu+FL3zEj83dk4kAS+fVpTxXLO1b38RvJgT/0QwvV/L3aY9TAnyv0EOqW4GoMQ==}
    engines: {node: ^12.20.0 || ^14.13.1 || >=16.0.0}

  pump@3.0.3:
    resolution: {integrity: sha512-todwxLMY7/heScKmntwQG8CXVkWUOdYxIvY2s0VWAAMh/nd8SoYiRaKjlr7+iCs984f2P8zvrfWcDDYVb73NfA==}

  safer-buffer@2.1.2:
    resolution: {integrity: sha512-YZo3K82SD7Riyi0E1EQPojLz7kpepnSQI9IyPbHHg1XXXevb5dJI7tpyN2ADxGcQbHG7vcyRHk0cbwqcQriUtg==}

  semver@7.7.2:
    resolution: {integrity: sha512-RF0Fw+rO5AMf9MAyaRXI4AV0Ulj5lMHqVxxdSgiVbixSCXoEmmX/jk0CuJw4+3SqroYO9VoUh+HcuJivvtJemA==}
    engines: {node: '>=10'}
    hasBin: true

  signal-exit@4.1.0:
    resolution: {integrity: sha512-bzyZ1e88w9O1iNJbKnOlvYTrWPDl46O1bG0D3XInv+9tkPrxrN8jUUTiFlDkkmKWgn1M6CfIA13SuGqOa9Korw==}
    engines: {node: '>=14'}

  simple-yenc@1.0.4:
    resolution: {integrity: sha512-5gvxpSd79e9a3V4QDYUqnqxeD4HGlhCakVpb6gMnDD7lexJggSBJRBO5h52y/iJrdXRilX9UCuDaIJhSWm5OWw==}

  smol-toml@1.4.1:
    resolution: {integrity: sha512-CxdwHXyYTONGHThDbq5XdwbFsuY4wlClRGejfE2NtwUtiHYsP1QtNsHb/hnj31jKYSchztJsaA8pSQoVzkfCFg==}
    engines: {node: '>= 18'}

  streamx@2.22.1:
    resolution: {integrity: sha512-znKXEBxfatz2GBNK02kRnCXjV+AA4kjZIUxeWSr3UGirZMJfTE9uiwKHobnbgxWyL/JWro8tTq+vOqAK1/qbSA==}

  string-width@4.2.3:
    resolution: {integrity: sha512-wKyQRQpjJ0sIp62ErSZdGsjMJWsap5oRNihHhu6G7JVO/9jIB6UyevL+tXuOqrng8j/cxKTWyWUwvSTriiZz/g==}
    engines: {node: '>=8'}

  strip-ansi@6.0.1:
    resolution: {integrity: sha512-Y38VPSHcqkFrCpFnQ9vuSXmquuv5oXOKpGeT6aGrr3o3Gc9AlVa6JBfUSOCnbxGGZF+/0ooI7KrPuUSztUdU5A==}
    engines: {node: '>=8'}

  tar-fs@3.1.0:
    resolution: {integrity: sha512-5Mty5y/sOF1YWj1J6GiBodjlDc05CUR8PKXrsnFAiSG0xA+GHeWLovaZPYUDXkH/1iKRf2+M5+OrRgzC7O9b7w==}

  tar-stream@3.1.7:
    resolution: {integrity: sha512-qJj60CXt7IU1Ffyc3NJMjh6EkuCFej46zUqJ4J7pqYlThyd9bO0XBTmcOIhSzZJVWfsLks0+nle/j538YAW9RQ==}

  text-decoder@1.2.3:
    resolution: {integrity: sha512-3/o9z3X0X0fTupwsYvR03pJ/DjWuqqrfwBgTQzdWDiQSm9KitAyz/9WqsT2JQW7KV2m+bC2ol/zqpW37NHxLaA==}

  tmp@0.0.33:
    resolution: {integrity: sha512-jRCJlojKnZ3addtTOjdIqoRuPEKBvNXcGYqzO6zWZX8KfKEpnGY5jfggJQ3EjKuu8D4bJRr0y+cYJFmYbImXGw==}
    engines: {node: '>=0.6.0'}

  tslib@2.8.1:
    resolution: {integrity: sha512-oJFu94HQb+KVduSUQL7wnpmqnfmLsOA/nAh6b6EH0wCEoK0/mPeXU6c3wKDV83MkOuHPRHtSXKKU99IBazS/2w==}

  typanion@3.14.0:
    resolution: {integrity: sha512-ZW/lVMRabETuYCd9O9ZvMhAh8GslSqaUjxmK/JLPCh6l73CvLBiuXswj/+7LdnWOgYsQ130FqLzFz5aGT4I3Ug==}

  type-fest@0.21.3:
    resolution: {integrity: sha512-t0rzBq87m3fVcduHDUFhKmyyX+9eo6WQjZvf51Ea/M0Q7+T374Jp1aUiyUl0GKxp8M/OETVHSDvmkyPgvX+X2w==}
    engines: {node: '>=10'}

  typescript@5.8.3:
    resolution: {integrity: sha512-p1diW6TqL9L07nNxvRMM7hMMw4c5XOo/1ibL4aAIGmSAt9slTE1Xgw5KWuof2uTOvCg9BY7ZRi+GaF+7sfgPeQ==}
    engines: {node: '>=14.17'}
    hasBin: true

  undici-types@5.26.5:
    resolution: {integrity: sha512-JlCMO+ehdEIKqlFxk6IfVoAUVmgz7cU7zD/h9XZ0qzeosSHmUJVOzSQvvYSYWXkFXC+IfLKSIffhv0sVZup6pA==}

  unicorn-magic@0.1.0:
    resolution: {integrity: sha512-lRfVq8fE8gz6QMBuDM6a+LO3IAzTi05H6gCVaUpir2E1Rwpo4ZUog45KpNXKC/Mn3Yb9UDuHumeFTo9iV/D9FQ==}
    engines: {node: '>=18'}

  universal-user-agent@7.0.3:
    resolution: {integrity: sha512-TmnEAEAsBJVZM/AADELsK76llnwcf9vMKuPz8JflO1frO8Lchitr0fNaN9d+Ap0BjKtqWqd/J17qeDnXh8CL2A==}

  wasm-sjlj@1.0.6:
    resolution: {integrity: sha512-pjaKtLJejlWm6+okPV2X1A6nIsRDD4qeK97eCh8DP8KXi3Nzn/HY01vpHhZHlhDri12eZqipjm8HhdTVw+ATxw==}

  wrap-ansi@6.2.0:
    resolution: {integrity: sha512-r6lPcBGxZXlIcymEu7InxDMhdW0KDxpLgoFLcguasxCaJ/SOIZwINatK9KY/tf+ZrlywOKU0UDj3ATXUBfxJXA==}
    engines: {node: '>=8'}

  wrappy@1.0.2:
    resolution: {integrity: sha512-l4Sp/DRseor9wL6EvV2+TuQn63dMkPjZ/sp9XkghTEbV9KlPS1xUsZ3u7/IQO4wxtcFB4bgpQPRcR3QCvezPcQ==}

  yocto-queue@1.2.1:
    resolution: {integrity: sha512-AyeEbWOu/TAXdxlV9wmGcR0+yh2j3vYPGOECcIj2S7MkrLyC7ne+oye2BKTItt0ii2PHk4cDy+95+LshzbXnGg==}
    engines: {node: '>=12.20'}

  yoctocolors-cjs@2.1.2:
    resolution: {integrity: sha512-cYVsTjKl8b+FrnidjibDWskAv7UKOfcwaVZdp/it9n1s9fU3IkgDbhdIRKCW4JDsAlECJY0ytoVPT3sK6kideA==}
    engines: {node: '>=18'}

snapshots:

  '@emnapi/core@1.4.4':
    dependencies:
      '@emnapi/wasi-threads': 1.0.3
      tslib: 2.8.1
    optional: true

  '@emnapi/runtime@1.4.4':
    dependencies:
      tslib: 2.8.1
    optional: true

  '@emnapi/wasi-threads@1.0.3':
    dependencies:
      tslib: 2.8.1
    optional: true

  '@eshaz/web-worker@1.2.2': {}

  '@inquirer/checkbox@4.1.9(@types/node@18.19.119)':
    dependencies:
      '@inquirer/core': 10.1.14(@types/node@18.19.119)
      '@inquirer/figures': 1.0.12
      '@inquirer/type': 3.0.7(@types/node@18.19.119)
      ansi-escapes: 4.3.2
      yoctocolors-cjs: 2.1.2
    optionalDependencies:
      '@types/node': 18.19.119

  '@inquirer/confirm@5.1.13(@types/node@18.19.119)':
    dependencies:
      '@inquirer/core': 10.1.14(@types/node@18.19.119)
      '@inquirer/type': 3.0.7(@types/node@18.19.119)
    optionalDependencies:
      '@types/node': 18.19.119

  '@inquirer/core@10.1.14(@types/node@18.19.119)':
    dependencies:
      '@inquirer/figures': 1.0.12
      '@inquirer/type': 3.0.7(@types/node@18.19.119)
      ansi-escapes: 4.3.2
      cli-width: 4.1.0
      mute-stream: 2.0.0
      signal-exit: 4.1.0
      wrap-ansi: 6.2.0
      yoctocolors-cjs: 2.1.2
    optionalDependencies:
      '@types/node': 18.19.119

  '@inquirer/editor@4.2.14(@types/node@18.19.119)':
    dependencies:
      '@inquirer/core': 10.1.14(@types/node@18.19.119)
      '@inquirer/type': 3.0.7(@types/node@18.19.119)
      external-editor: 3.1.0
    optionalDependencies:
      '@types/node': 18.19.119

  '@inquirer/expand@4.0.16(@types/node@18.19.119)':
    dependencies:
      '@inquirer/core': 10.1.14(@types/node@18.19.119)
      '@inquirer/type': 3.0.7(@types/node@18.19.119)
      yoctocolors-cjs: 2.1.2
    optionalDependencies:
      '@types/node': 18.19.119

  '@inquirer/figures@1.0.12': {}

  '@inquirer/input@4.2.0(@types/node@18.19.119)':
    dependencies:
      '@inquirer/core': 10.1.14(@types/node@18.19.119)
      '@inquirer/type': 3.0.7(@types/node@18.19.119)
    optionalDependencies:
      '@types/node': 18.19.119

  '@inquirer/number@3.0.16(@types/node@18.19.119)':
    dependencies:
      '@inquirer/core': 10.1.14(@types/node@18.19.119)
      '@inquirer/type': 3.0.7(@types/node@18.19.119)
    optionalDependencies:
      '@types/node': 18.19.119

  '@inquirer/password@4.0.16(@types/node@18.19.119)':
    dependencies:
      '@inquirer/core': 10.1.14(@types/node@18.19.119)
      '@inquirer/type': 3.0.7(@types/node@18.19.119)
      ansi-escapes: 4.3.2
    optionalDependencies:
      '@types/node': 18.19.119

  '@inquirer/prompts@7.6.0(@types/node@18.19.119)':
    dependencies:
      '@inquirer/checkbox': 4.1.9(@types/node@18.19.119)
      '@inquirer/confirm': 5.1.13(@types/node@18.19.119)
      '@inquirer/editor': 4.2.14(@types/node@18.19.119)
      '@inquirer/expand': 4.0.16(@types/node@18.19.119)
      '@inquirer/input': 4.2.0(@types/node@18.19.119)
      '@inquirer/number': 3.0.16(@types/node@18.19.119)
      '@inquirer/password': 4.0.16(@types/node@18.19.119)
      '@inquirer/rawlist': 4.1.4(@types/node@18.19.119)
      '@inquirer/search': 3.0.16(@types/node@18.19.119)
      '@inquirer/select': 4.2.4(@types/node@18.19.119)
    optionalDependencies:
      '@types/node': 18.19.119

  '@inquirer/rawlist@4.1.4(@types/node@18.19.119)':
    dependencies:
      '@inquirer/core': 10.1.14(@types/node@18.19.119)
      '@inquirer/type': 3.0.7(@types/node@18.19.119)
      yoctocolors-cjs: 2.1.2
    optionalDependencies:
      '@types/node': 18.19.119

  '@inquirer/search@3.0.16(@types/node@18.19.119)':
    dependencies:
      '@inquirer/core': 10.1.14(@types/node@18.19.119)
      '@inquirer/figures': 1.0.12
      '@inquirer/type': 3.0.7(@types/node@18.19.119)
      yoctocolors-cjs: 2.1.2
    optionalDependencies:
      '@types/node': 18.19.119

  '@inquirer/select@4.2.4(@types/node@18.19.119)':
    dependencies:
      '@inquirer/core': 10.1.14(@types/node@18.19.119)
      '@inquirer/figures': 1.0.12
      '@inquirer/type': 3.0.7(@types/node@18.19.119)
      ansi-escapes: 4.3.2
      yoctocolors-cjs: 2.1.2
    optionalDependencies:
      '@types/node': 18.19.119

  '@inquirer/type@3.0.7(@types/node@18.19.119)':
    optionalDependencies:
      '@types/node': 18.19.119

  '@napi-rs/cli@3.0.0(@emnapi/runtime@1.4.4)(@types/node@18.19.119)':
    dependencies:
      '@inquirer/prompts': 7.6.0(@types/node@18.19.119)
      '@napi-rs/cross-toolchain': 0.0.19
      '@napi-rs/wasm-tools': 0.0.3
      '@octokit/rest': 22.0.0
      clipanion: 4.0.0-rc.4(typanion@3.14.0)
      colorette: 2.0.20
      debug: 4.4.1
      find-up: 7.0.0
      js-yaml: 4.1.0
      lodash-es: 4.17.21
      semver: 7.7.2
      typanion: 3.14.0
      wasm-sjlj: 1.0.6
    optionalDependencies:
      '@emnapi/runtime': 1.4.4
    transitivePeerDependencies:
      - '@napi-rs/cross-toolchain-arm64-target-aarch64'
      - '@napi-rs/cross-toolchain-arm64-target-armv7'
      - '@napi-rs/cross-toolchain-arm64-target-x86_64'
      - '@napi-rs/cross-toolchain-x64-target-aarch64'
      - '@napi-rs/cross-toolchain-x64-target-armv7'
      - '@napi-rs/cross-toolchain-x64-target-x86_64'
      - '@types/node'
      - supports-color

  '@napi-rs/cross-toolchain@0.0.19':
    dependencies:
      '@napi-rs/lzma': 1.4.3
      '@napi-rs/tar': 0.1.5
      debug: 4.4.1
    transitivePeerDependencies:
      - supports-color

  '@napi-rs/lzma-android-arm-eabi@1.4.3':
    optional: true

  '@napi-rs/lzma-android-arm64@1.4.3':
    optional: true

  '@napi-rs/lzma-darwin-arm64@1.4.3':
    optional: true

  '@napi-rs/lzma-darwin-x64@1.4.3':
    optional: true

  '@napi-rs/lzma-freebsd-x64@1.4.3':
    optional: true

  '@napi-rs/lzma-linux-arm-gnueabihf@1.4.3':
    optional: true

  '@napi-rs/lzma-linux-arm64-gnu@1.4.3':
    optional: true

  '@napi-rs/lzma-linux-arm64-musl@1.4.3':
    optional: true

  '@napi-rs/lzma-linux-ppc64-gnu@1.4.3':
    optional: true

  '@napi-rs/lzma-linux-riscv64-gnu@1.4.3':
    optional: true

  '@napi-rs/lzma-linux-s390x-gnu@1.4.3':
    optional: true

  '@napi-rs/lzma-linux-x64-gnu@1.4.3':
    optional: true

  '@napi-rs/lzma-linux-x64-musl@1.4.3':
    optional: true

  '@napi-rs/lzma-wasm32-wasi@1.4.3':
    dependencies:
      '@napi-rs/wasm-runtime': 0.2.12
    optional: true

  '@napi-rs/lzma-win32-arm64-msvc@1.4.3':
    optional: true

  '@napi-rs/lzma-win32-ia32-msvc@1.4.3':
    optional: true

  '@napi-rs/lzma-win32-x64-msvc@1.4.3':
    optional: true

  '@napi-rs/lzma@1.4.3':
    optionalDependencies:
      '@napi-rs/lzma-android-arm-eabi': 1.4.3
      '@napi-rs/lzma-android-arm64': 1.4.3
      '@napi-rs/lzma-darwin-arm64': 1.4.3
      '@napi-rs/lzma-darwin-x64': 1.4.3
      '@napi-rs/lzma-freebsd-x64': 1.4.3
      '@napi-rs/lzma-linux-arm-gnueabihf': 1.4.3
      '@napi-rs/lzma-linux-arm64-gnu': 1.4.3
      '@napi-rs/lzma-linux-arm64-musl': 1.4.3
      '@napi-rs/lzma-linux-ppc64-gnu': 1.4.3
      '@napi-rs/lzma-linux-riscv64-gnu': 1.4.3
      '@napi-rs/lzma-linux-s390x-gnu': 1.4.3
      '@napi-rs/lzma-linux-x64-gnu': 1.4.3
      '@napi-rs/lzma-linux-x64-musl': 1.4.3
      '@napi-rs/lzma-wasm32-wasi': 1.4.3
      '@napi-rs/lzma-win32-arm64-msvc': 1.4.3
      '@napi-rs/lzma-win32-ia32-msvc': 1.4.3
      '@napi-rs/lzma-win32-x64-msvc': 1.4.3

  '@napi-rs/tar-android-arm-eabi@0.1.5':
    optional: true

  '@napi-rs/tar-android-arm64@0.1.5':
    optional: true

  '@napi-rs/tar-darwin-arm64@0.1.5':
    optional: true

  '@napi-rs/tar-darwin-x64@0.1.5':
    optional: true

  '@napi-rs/tar-freebsd-x64@0.1.5':
    optional: true

  '@napi-rs/tar-linux-arm-gnueabihf@0.1.5':
    optional: true

  '@napi-rs/tar-linux-arm64-gnu@0.1.5':
    optional: true

  '@napi-rs/tar-linux-arm64-musl@0.1.5':
    optional: true

  '@napi-rs/tar-linux-ppc64-gnu@0.1.5':
    optional: true

  '@napi-rs/tar-linux-s390x-gnu@0.1.5':
    optional: true

  '@napi-rs/tar-linux-x64-gnu@0.1.5':
    optional: true

  '@napi-rs/tar-linux-x64-musl@0.1.5':
    optional: true

  '@napi-rs/tar-wasm32-wasi@0.1.5':
    dependencies:
      '@napi-rs/wasm-runtime': 0.2.12
    optional: true

  '@napi-rs/tar-win32-arm64-msvc@0.1.5':
    optional: true

  '@napi-rs/tar-win32-ia32-msvc@0.1.5':
    optional: true

  '@napi-rs/tar-win32-x64-msvc@0.1.5':
    optional: true

  '@napi-rs/tar@0.1.5':
    optionalDependencies:
      '@napi-rs/tar-android-arm-eabi': 0.1.5
      '@napi-rs/tar-android-arm64': 0.1.5
      '@napi-rs/tar-darwin-arm64': 0.1.5
      '@napi-rs/tar-darwin-x64': 0.1.5
      '@napi-rs/tar-freebsd-x64': 0.1.5
      '@napi-rs/tar-linux-arm-gnueabihf': 0.1.5
      '@napi-rs/tar-linux-arm64-gnu': 0.1.5
      '@napi-rs/tar-linux-arm64-musl': 0.1.5
      '@napi-rs/tar-linux-ppc64-gnu': 0.1.5
      '@napi-rs/tar-linux-s390x-gnu': 0.1.5
      '@napi-rs/tar-linux-x64-gnu': 0.1.5
      '@napi-rs/tar-linux-x64-musl': 0.1.5
      '@napi-rs/tar-wasm32-wasi': 0.1.5
      '@napi-rs/tar-win32-arm64-msvc': 0.1.5
      '@napi-rs/tar-win32-ia32-msvc': 0.1.5
      '@napi-rs/tar-win32-x64-msvc': 0.1.5

  '@napi-rs/wasm-runtime@0.2.12':
    dependencies:
      '@emnapi/core': 1.4.4
      '@emnapi/runtime': 1.4.4
      '@tybys/wasm-util': 0.10.0
    optional: true

  '@napi-rs/wasm-tools-android-arm-eabi@0.0.3':
    optional: true

  '@napi-rs/wasm-tools-android-arm64@0.0.3':
    optional: true

  '@napi-rs/wasm-tools-darwin-arm64@0.0.3':
    optional: true

  '@napi-rs/wasm-tools-darwin-x64@0.0.3':
    optional: true

  '@napi-rs/wasm-tools-freebsd-x64@0.0.3':
    optional: true

  '@napi-rs/wasm-tools-linux-arm64-gnu@0.0.3':
    optional: true

  '@napi-rs/wasm-tools-linux-arm64-musl@0.0.3':
    optional: true

  '@napi-rs/wasm-tools-linux-x64-gnu@0.0.3':
    optional: true

  '@napi-rs/wasm-tools-linux-x64-musl@0.0.3':
    optional: true

  '@napi-rs/wasm-tools-wasm32-wasi@0.0.3':
    dependencies:
      '@napi-rs/wasm-runtime': 0.2.12
    optional: true

  '@napi-rs/wasm-tools-win32-arm64-msvc@0.0.3':
    optional: true

  '@napi-rs/wasm-tools-win32-ia32-msvc@0.0.3':
    optional: true

  '@napi-rs/wasm-tools-win32-x64-msvc@0.0.3':
    optional: true

  '@napi-rs/wasm-tools@0.0.3':
    optionalDependencies:
      '@napi-rs/wasm-tools-android-arm-eabi': 0.0.3
      '@napi-rs/wasm-tools-android-arm64': 0.0.3
      '@napi-rs/wasm-tools-darwin-arm64': 0.0.3
      '@napi-rs/wasm-tools-darwin-x64': 0.0.3
      '@napi-rs/wasm-tools-freebsd-x64': 0.0.3
      '@napi-rs/wasm-tools-linux-arm64-gnu': 0.0.3
      '@napi-rs/wasm-tools-linux-arm64-musl': 0.0.3
      '@napi-rs/wasm-tools-linux-x64-gnu': 0.0.3
      '@napi-rs/wasm-tools-linux-x64-musl': 0.0.3
      '@napi-rs/wasm-tools-wasm32-wasi': 0.0.3
      '@napi-rs/wasm-tools-win32-arm64-msvc': 0.0.3
      '@napi-rs/wasm-tools-win32-ia32-msvc': 0.0.3
      '@napi-rs/wasm-tools-win32-x64-msvc': 0.0.3

  '@octokit/auth-token@6.0.0': {}

  '@octokit/core@7.0.3':
    dependencies:
      '@octokit/auth-token': 6.0.0
      '@octokit/graphql': 9.0.1
      '@octokit/request': 10.0.3
      '@octokit/request-error': 7.0.0
      '@octokit/types': 14.1.0
      before-after-hook: 4.0.0
      universal-user-agent: 7.0.3

  '@octokit/endpoint@11.0.0':
    dependencies:
      '@octokit/types': 14.1.0
      universal-user-agent: 7.0.3

  '@octokit/graphql@9.0.1':
    dependencies:
      '@octokit/request': 10.0.3
      '@octokit/types': 14.1.0
      universal-user-agent: 7.0.3

  '@octokit/openapi-types@25.1.0': {}

  '@octokit/plugin-paginate-rest@13.1.1(@octokit/core@7.0.3)':
    dependencies:
      '@octokit/core': 7.0.3
      '@octokit/types': 14.1.0

  '@octokit/plugin-request-log@6.0.0(@octokit/core@7.0.3)':
    dependencies:
      '@octokit/core': 7.0.3

  '@octokit/plugin-rest-endpoint-methods@16.0.0(@octokit/core@7.0.3)':
    dependencies:
      '@octokit/core': 7.0.3
      '@octokit/types': 14.1.0

  '@octokit/request-error@7.0.0':
    dependencies:
      '@octokit/types': 14.1.0

  '@octokit/request@10.0.3':
    dependencies:
      '@octokit/endpoint': 11.0.0
      '@octokit/request-error': 7.0.0
      '@octokit/types': 14.1.0
      fast-content-type-parse: 3.0.0
      universal-user-agent: 7.0.3

  '@octokit/rest@22.0.0':
    dependencies:
      '@octokit/core': 7.0.3
      '@octokit/plugin-paginate-rest': 13.1.1(@octokit/core@7.0.3)
      '@octokit/plugin-request-log': 6.0.0(@octokit/core@7.0.3)
      '@octokit/plugin-rest-endpoint-methods': 16.0.0(@octokit/core@7.0.3)

  '@octokit/types@14.1.0':
    dependencies:
      '@octokit/openapi-types': 25.1.0

  '@taplo/cli@0.7.0': {}

  '@tsconfig/node18@18.2.4': {}

  '@tybys/wasm-util@0.10.0':
    dependencies:
      tslib: 2.8.1
    optional: true

  '@types/node@18.19.119':
    dependencies:
      undici-types: 5.26.5

  '@types/tar-fs@2.0.4':
    dependencies:
      '@types/node': 18.19.119
      '@types/tar-stream': 3.1.4

  '@types/tar-stream@3.1.4':
    dependencies:
      '@types/node': 18.19.119

  '@wasm-audio-decoders/common@9.0.7':
    dependencies:
      '@eshaz/web-worker': 1.2.2
      simple-yenc: 1.0.4

  ansi-escapes@4.3.2:
    dependencies:
      type-fest: 0.21.3

  ansi-regex@5.0.1: {}

  ansi-styles@4.3.0:
    dependencies:
      color-convert: 2.0.1

  argparse@2.0.1: {}

  b4a@1.6.7: {}

  bare-events@2.6.0:
    optional: true

  bare-fs@4.1.6:
    dependencies:
      bare-events: 2.6.0
      bare-path: 3.0.0
      bare-stream: 2.6.5(bare-events@2.6.0)
    optional: true

  bare-os@3.6.1:
    optional: true

  bare-path@3.0.0:
    dependencies:
      bare-os: 3.6.1
    optional: true

  bare-stream@2.6.5(bare-events@2.6.0):
    dependencies:
      streamx: 2.22.1
    optionalDependencies:
      bare-events: 2.6.0
    optional: true

  before-after-hook@4.0.0: {}

  chardet@0.7.0: {}

  cli-width@4.1.0: {}

  clipanion@4.0.0-rc.4(typanion@3.14.0):
    dependencies:
      typanion: 3.14.0

  color-convert@2.0.1:
    dependencies:
      color-name: 1.1.4

  color-name@1.1.4: {}

  colorette@2.0.20: {}

  debug@4.4.1:
    dependencies:
      ms: 2.1.3

  emoji-regex@8.0.0: {}

  end-of-stream@1.4.5:
    dependencies:
      once: 1.4.0

  external-editor@3.1.0:
    dependencies:
      chardet: 0.7.0
      iconv-lite: 0.4.24
      tmp: 0.0.33

  fast-content-type-parse@3.0.0: {}

  fast-fifo@1.3.2: {}

  find-up@7.0.0:
    dependencies:
      locate-path: 7.2.0
      path-exists: 5.0.0
      unicorn-magic: 0.1.0

  iconv-lite@0.4.24:
    dependencies:
      safer-buffer: 2.1.2

  is-fullwidth-code-point@3.0.0: {}

  js-yaml@4.1.0:
    dependencies:
      argparse: 2.0.1

  locate-path@7.2.0:
    dependencies:
      p-locate: 6.0.0

  lodash-es@4.17.21: {}

  ms@2.1.3: {}

  mute-stream@2.0.0: {}

  once@1.4.0:
    dependencies:
      wrappy: 1.0.2

  opus-decoder@0.7.10:
    dependencies:
      '@wasm-audio-decoders/common': 9.0.7

  os-tmpdir@1.0.2: {}

  p-limit@4.0.0:
    dependencies:
      yocto-queue: 1.2.1

  p-locate@6.0.0:
    dependencies:
      p-limit: 4.0.0

  path-exists@5.0.0: {}

  pump@3.0.3:
    dependencies:
      end-of-stream: 1.4.5
      once: 1.4.0

  safer-buffer@2.1.2: {}

  semver@7.7.2: {}

  signal-exit@4.1.0: {}

  simple-yenc@1.0.4: {}

  smol-toml@1.4.1: {}

  streamx@2.22.1:
    dependencies:
      fast-fifo: 1.3.2
      text-decoder: 1.2.3
    optionalDependencies:
      bare-events: 2.6.0

  string-width@4.2.3:
    dependencies:
      emoji-regex: 8.0.0
      is-fullwidth-code-point: 3.0.0
      strip-ansi: 6.0.1

  strip-ansi@6.0.1:
    dependencies:
      ansi-regex: 5.0.1

  tar-fs@3.1.0:
    dependencies:
      pump: 3.0.3
      tar-stream: 3.1.7
    optionalDependencies:
      bare-fs: 4.1.6
      bare-path: 3.0.0
    transitivePeerDependencies:
      - bare-buffer

  tar-stream@3.1.7:
    dependencies:
      b4a: 1.6.7
      fast-fifo: 1.3.2
      streamx: 2.22.1

  text-decoder@1.2.3:
    dependencies:
      b4a: 1.6.7

  tmp@0.0.33:
    dependencies:
      os-tmpdir: 1.0.2

  tslib@2.8.1:
    optional: true

  typanion@3.14.0: {}

  type-fest@0.21.3: {}

  typescript@5.8.3: {}

  undici-types@5.26.5: {}

  unicorn-magic@0.1.0: {}

  universal-user-agent@7.0.3: {}

  wasm-sjlj@1.0.6: {}

  wrap-ansi@6.2.0:
    dependencies:
      ansi-styles: 4.3.0
      string-width: 4.2.3
      strip-ansi: 6.0.1

  wrappy@1.0.2: {}

  yocto-queue@1.2.1: {}

  yoctocolors-cjs@2.1.2: {}
