lockfileVersion: '9.0'

settings:
  autoInstallPeers: true
  excludeLinksFromLockfile: false

importers:

  .:
    devDependencies:
      '@napi-rs/cli':
        specifier: 2.18.4
        version: 2.18.4
      '@taplo/cli':
        specifier: 0.7.0
        version: 0.7.0
      '@tsconfig/node18':
        specifier: 18.2.4
        version: 18.2.4
      '@types/node':
        specifier: 18.19.86
        version: 18.19.86
      '@types/tar-fs':
        specifier: 2.0.4
        version: 2.0.4
      opus-decoder:
        specifier: 0.7.7
        version: 0.7.7
      smol-toml:
        specifier: 1.3.3
        version: 1.3.3
      tar-fs:
        specifier: 3.0.8
        version: 3.0.8
      typescript:
        specifier: 5.8.3
        version: 5.8.3

packages:

  '@eshaz/web-worker@1.2.2':
    resolution: {integrity: sha512-WxXiHFmD9u/owrzempiDlBB1ZYqiLnm9s6aPc8AlFQalq2tKmqdmMr9GXOupDgzXtqnBipj8Un0gkIm7Sjf8mw==}

  '@napi-rs/cli@2.18.4':
    resolution: {integrity: sha512-SgJeA4df9DE2iAEpr3M2H0OKl/yjtg1BnRI5/JyowS71tUWhrfSu2LT0V3vlHET+g1hBVlrO60PmEXwUEKp8Mg==}
    engines: {node: '>= 10'}
    hasBin: true

  '@taplo/cli@0.7.0':
    resolution: {integrity: sha512-Ck3zFhQhIhi02Hl6T4ZmJsXdnJE+wXcJz5f8klxd4keRYgenMnip3JDPMGDRLbnC/2iGd8P0sBIQqI3KxfVjBg==}
    hasBin: true

  '@tsconfig/node18@18.2.4':
    resolution: {integrity: sha512-5xxU8vVs9/FNcvm3gE07fPbn9tl6tqGGWA9tSlwsUEkBxtRnTsNmwrV8gasZ9F/EobaSv9+nu8AxUKccw77JpQ==}

  '@types/node@18.19.86':
    resolution: {integrity: sha512-fifKayi175wLyKyc5qUfyENhQ1dCNI1UNjp653d8kuYcPQN5JhX3dGuP/XmvPTg/xRBn1VTLpbmi+H/Mr7tLfQ==}

  '@types/tar-fs@2.0.4':
    resolution: {integrity: sha512-ipPec0CjTmVDWE+QKr9cTmIIoTl7dFG/yARCM5MqK8i6CNLIG1P8x4kwDsOQY1ChZOZjH0wO9nvfgBvWl4R3kA==}

  '@types/tar-stream@3.1.3':
    resolution: {integrity: sha512-Zbnx4wpkWBMBSu5CytMbrT5ZpMiF55qgM+EpHzR4yIDu7mv52cej8hTkOc6K+LzpkOAbxwn/m7j3iO+/l42YkQ==}

  '@wasm-audio-decoders/common@9.0.5':
    resolution: {integrity: sha512-b9JNh9sPAvn8PVIizNh9D60WkfQong/u9ea873H47u7zvVDLctxYIp2aZw9CQqXaQdk7JB3MoU5UHiseO40swg==}

  b4a@1.6.7:
    resolution: {integrity: sha512-OnAYlL5b7LEkALw87fUVafQw5rVR9RjwGd4KUwNQ6DrrNmaVaUCgLipfVlzrPQ4tWOR9P0IXGNOx50jYCCdSJg==}

  bare-events@2.5.4:
    resolution: {integrity: sha512-+gFfDkR8pj4/TrWCGUGWmJIkBwuxPS5F+a5yWjOHQt2hHvNZd5YLzadjmDUtFmMM4y429bnKLa8bYBMHcYdnQA==}

  bare-fs@4.0.1:
    resolution: {integrity: sha512-ilQs4fm/l9eMfWY2dY0WCIUplSUp7U0CT1vrqMg1MUdeZl4fypu5UP0XcDBK5WBQPJAKP1b7XEodISmekH/CEg==}
    engines: {bare: '>=1.7.0'}

  bare-os@3.5.1:
    resolution: {integrity: sha512-LvfVNDcWLw2AnIw5f2mWUgumW3I3N/WYGiWeimhQC1Ybt71n2FjlS9GJKeCnFeg1MKZHxzIFmpFnBXDI+sBeFg==}
    engines: {bare: '>=1.14.0'}

  bare-path@3.0.0:
    resolution: {integrity: sha512-tyfW2cQcB5NN8Saijrhqn0Zh7AnFNsnczRcuWODH0eYAXBsJ5gVxAUuNr7tsHSC6IZ77cA0SitzT+s47kot8Mw==}

  bare-stream@2.6.5:
    resolution: {integrity: sha512-jSmxKJNJmHySi6hC42zlZnq00rga4jjxcgNZjY9N5WlOe/iOoGRtdwGsHzQv2RlH2KOYMwGUXhf2zXd32BA9RA==}
    peerDependencies:
      bare-buffer: '*'
      bare-events: '*'
    peerDependenciesMeta:
      bare-buffer:
        optional: true
      bare-events:
        optional: true

  end-of-stream@1.4.4:
    resolution: {integrity: sha512-+uw1inIHVPQoaVuHzRyXd21icM+cnt4CzD5rW+NC1wjOUSTOs+Te7FOv7AhN7vS9x/oIyhLP5PR1H+phQAHu5Q==}

  fast-fifo@1.3.2:
    resolution: {integrity: sha512-/d9sfos4yxzpwkDkuN7k2SqFKtYNmCTzgfEpz82x34IM9/zc8KGxQoXg1liNC/izpRM/MBdt44Nmx41ZWqk+FQ==}

  once@1.4.0:
    resolution: {integrity: sha512-lNaJgI+2Q5URQBkccEKHTQOPaXdUxnZZElQTZY0MFUAuaEqe1E+Nyvgdz/aIyNi6Z9MzO5dv1H8n58/GELp3+w==}

  opus-decoder@0.7.7:
    resolution: {integrity: sha512-KWDyCi/9aXnNN+jrjs+aaVdwiwzDdac81S9ul0iv1CTs4+5K4VDZKuJjIImrYOBA2oSNHDjVq4xzn6BE+XbI1A==}

  pump@3.0.2:
    resolution: {integrity: sha512-tUPXtzlGM8FE3P0ZL6DVs/3P58k9nk8/jZeQCurTJylQA8qFYzHFfhBJkuqyE0FifOsQ0uKWekiZ5g8wtr28cw==}

  simple-yenc@1.0.4:
    resolution: {integrity: sha512-5gvxpSd79e9a3V4QDYUqnqxeD4HGlhCakVpb6gMnDD7lexJggSBJRBO5h52y/iJrdXRilX9UCuDaIJhSWm5OWw==}

  smol-toml@1.3.3:
    resolution: {integrity: sha512-KMVLNWu490KlNfD0lbfDBUktJIEaZRBj1eeK0SMfdpO/rfyARIzlnPVI1Ge4l0vtSJmQUAiGKxMyLGrCT38iyA==}
    engines: {node: '>= 18'}

  streamx@2.22.0:
    resolution: {integrity: sha512-sLh1evHOzBy/iWRiR6d1zRcLao4gGZr3C1kzNz4fopCOKJb6xD9ub8Mpi9Mr1R6id5o43S+d93fI48UC5uM9aw==}

  tar-fs@3.0.8:
    resolution: {integrity: sha512-ZoROL70jptorGAlgAYiLoBLItEKw/fUxg9BSYK/dF/GAGYFJOJJJMvjPAKDJraCXFwadD456FCuvLWgfhMsPwg==}

  tar-stream@3.1.7:
    resolution: {integrity: sha512-qJj60CXt7IU1Ffyc3NJMjh6EkuCFej46zUqJ4J7pqYlThyd9bO0XBTmcOIhSzZJVWfsLks0+nle/j538YAW9RQ==}

  text-decoder@1.2.3:
    resolution: {integrity: sha512-3/o9z3X0X0fTupwsYvR03pJ/DjWuqqrfwBgTQzdWDiQSm9KitAyz/9WqsT2JQW7KV2m+bC2ol/zqpW37NHxLaA==}

  typescript@5.8.3:
    resolution: {integrity: sha512-p1diW6TqL9L07nNxvRMM7hMMw4c5XOo/1ibL4aAIGmSAt9slTE1Xgw5KWuof2uTOvCg9BY7ZRi+GaF+7sfgPeQ==}
    engines: {node: '>=14.17'}
    hasBin: true

  undici-types@5.26.5:
    resolution: {integrity: sha512-JlCMO+ehdEIKqlFxk6IfVoAUVmgz7cU7zD/h9XZ0qzeosSHmUJVOzSQvvYSYWXkFXC+IfLKSIffhv0sVZup6pA==}

  wrappy@1.0.2:
    resolution: {integrity: sha512-l4Sp/DRseor9wL6EvV2+TuQn63dMkPjZ/sp9XkghTEbV9KlPS1xUsZ3u7/IQO4wxtcFB4bgpQPRcR3QCvezPcQ==}

snapshots:

  '@eshaz/web-worker@1.2.2': {}

  '@napi-rs/cli@2.18.4': {}

  '@taplo/cli@0.7.0': {}

  '@tsconfig/node18@18.2.4': {}

  '@types/node@18.19.86':
    dependencies:
      undici-types: 5.26.5

  '@types/tar-fs@2.0.4':
    dependencies:
      '@types/node': 18.19.86
      '@types/tar-stream': 3.1.3

  '@types/tar-stream@3.1.3':
    dependencies:
      '@types/node': 18.19.86

  '@wasm-audio-decoders/common@9.0.5':
    dependencies:
      '@eshaz/web-worker': 1.2.2
      simple-yenc: 1.0.4

  b4a@1.6.7: {}

  bare-events@2.5.4:
    optional: true

  bare-fs@4.0.1:
    dependencies:
      bare-events: 2.5.4
      bare-path: 3.0.0
      bare-stream: 2.6.5(bare-events@2.5.4)
    transitivePeerDependencies:
      - bare-buffer
    optional: true

  bare-os@3.5.1:
    optional: true

  bare-path@3.0.0:
    dependencies:
      bare-os: 3.5.1
    optional: true

  bare-stream@2.6.5(bare-events@2.5.4):
    dependencies:
      streamx: 2.22.0
    optionalDependencies:
      bare-events: 2.5.4
    optional: true

  end-of-stream@1.4.4:
    dependencies:
      once: 1.4.0

  fast-fifo@1.3.2: {}

  once@1.4.0:
    dependencies:
      wrappy: 1.0.2

  opus-decoder@0.7.7:
    dependencies:
      '@wasm-audio-decoders/common': 9.0.5

  pump@3.0.2:
    dependencies:
      end-of-stream: 1.4.4
      once: 1.4.0

  simple-yenc@1.0.4: {}

  smol-toml@1.3.3: {}

  streamx@2.22.0:
    dependencies:
      fast-fifo: 1.3.2
      text-decoder: 1.2.3
    optionalDependencies:
      bare-events: 2.5.4

  tar-fs@3.0.8:
    dependencies:
      pump: 3.0.2
      tar-stream: 3.1.7
    optionalDependencies:
      bare-fs: 4.0.1
      bare-path: 3.0.0
    transitivePeerDependencies:
      - bare-buffer

  tar-stream@3.1.7:
    dependencies:
      b4a: 1.6.7
      fast-fifo: 1.3.2
      streamx: 2.22.0

  text-decoder@1.2.3:
    dependencies:
      b4a: 1.6.7

  typescript@5.8.3: {}

  undici-types@5.26.5: {}

  wrappy@1.0.2: {}
