lockfileVersion: '6.0'

settings:
  autoInstallPeers: true
  excludeLinksFromLockfile: false

devDependencies:
  '@napi-rs/cli':
    specifier: ^2.16.3
    version: 2.16.3
  '@node-rs/helper':
    specifier: ^1.3.3
    version: 1.3.3

packages:

  /@napi-rs/cli@2.16.3:
    resolution: {integrity: sha512-3mLNPlbbOhpbIUKicLrJtIearlHXUuXL3UeueYyRRplpVMNkdn8xCyzY6PcYZi3JXR8bmCOiWgkVmLnrSL7DKw==}
    engines: {node: '>= 10'}
    hasBin: true
    dev: true

  /@napi-rs/triples@1.1.0:
    resolution: {integrity: sha512-XQr74QaLeMiqhStEhLn1im9EOMnkypp7MZOwQhGzqp2Weu5eQJbpPxWxixxlYRKWPOmJjsk6qYfYH9kq43yc2w==}
    dev: true

  /@node-rs/helper@1.3.3:
    resolution: {integrity: sha512-p4OdfQObGN9YFy5WZaGwlPYICQSe7xZYyXB0sxREmvj1HzGKp5bPg2PlfgfMZEfnjIA882B9ZrnagYzZihIwjA==}
    dependencies:
      '@napi-rs/triples': 1.1.0
    dev: true
